schema_version = 2
fingerprint_algorithm = "sha256-v1"
library_fingerprint = "sha256:bfc7a771a6f226d987509855f719d1b40e5aa939a2ebef1d0f0de086cda1cf32"

[[files]]
path = "chapters/library/draft.md"
sha256 = "53f881ee8aab4da8a605adc9a8bed88c0c2688083cecf29769d4577098d0f22f"

[[files]]
path = "chapters/library/manifest.yaml"
sha256 = "8aad661303e252365a4b9486c12a22f38cac75c2d83f79f26a669e47b1ae87ca"

[[files]]
path = "chapters/library/outline.md"
sha256 = "96ce041b82e8f6b4dbdec84ac929dbdf1fdb35d1b1958347e005c3c0d3f643ad"

[[files]]
path = "chapters/library/revision.md"
sha256 = "86a4dc40d22f4e9658eac0dc998ce1d9ea1c079f519326222a170a7d642d5b46"

[[files]]
path = "chapters/library/summary.md"
sha256 = "7fdea39aa3dbb729f28b794afd4bbe9919c2cd4d9574357950a51b3211b566b1"

[[files]]
path = "characters/library/appearance.md"
sha256 = "718059d480a90dc12743a38489c360e02459c82d390f48019ea717ce4066a76c"

[[files]]
path = "characters/library/manifest.yaml"
sha256 = "98af02bfd7ea249c1cc5711dfa7bef8f6f6ff517c90ff12fbaa6df999f497de8"

[[files]]
path = "characters/library/outfit-grammar.md"
sha256 = "bf66c3c7b5f64b0fe69c650cbb66b5e498911ad65157bbfe004a2d4ec1221e1a"

[[files]]
path = "characters/library/outfit-index.md"
sha256 = "6459859550609a29f55c694d90fdea4c93d816864b8a571173ae661bd9da89dc"

[[files]]
path = "characters/library/outfit.md"
sha256 = "d6f2dd72ea6fd6e1a39f597424cb5dadd95847c9b266c3a612e959363bd4c213"

[[files]]
path = "characters/library/profile.md"
sha256 = "936ccd28ee194416688c88ab6526bab4e60ba6047cddb4a51a830988ce587c25"

[[files]]
path = "characters/library/relationship-index.md"
sha256 = "6efd55cfa31e8d0d88cc1a6d9cffc43544535ad61760a84cf7073d95f278b1a9"

[[files]]
path = "characters/library/relationship.md"
sha256 = "8380ffb384be51996c2cb493c0b8c75d5a212b41d89692e50cf0f8e1ea19858d"

[[files]]
path = "clues/library/lifecycle.md"
sha256 = "0e948d015a93b69fa3de4e9f8091998999043fc77d3f295f35fbd37f507153c7"

[[files]]
path = "clues/library/manifest.yaml"
sha256 = "81d821e707b44b0a10542d9a6fc4be2b5e44ca82c3937614ca57ccfbad44defa"

[[files]]
path = "context/library/character.md"
sha256 = "332d98530e428f2dca4db82745be3d0ad932b146fd11998af99dc0b53f9c326f"

[[files]]
path = "context/library/manifest.yaml"
sha256 = "6c5e2ad04ffe4f15b911c2405f8e8f35fff4be20b7f10c484c6c9241f4377443"

[[files]]
path = "context/library/segment-summary.md"
sha256 = "46b65bebf4e1e6407fd23c13572ee28459ef324153bf0826f9fa9c996bae4082"

[[files]]
path = "prewrite/library/beat-sheet.md"
sha256 = "e08813bd7708d3d59514402c794bc8a0ed16f27bdfb19e5097280e291a232a4e"

[[files]]
path = "prewrite/library/continuity.md"
sha256 = "782cc6b15698c24e1a9034febfc18d0bb750f0190358108c4f2867638d6a790d"

[[files]]
path = "prewrite/library/dialogue-design.md"
sha256 = "e69867808b1ee061bc20154718e58b214f5e05412bc9f3146f796b595190cc20"

[[files]]
path = "prewrite/library/expanded-outline.md"
sha256 = "59ce17191eca24b72dc29cad5c055b3e9fef6cd829f5caffacdc1d5697ff3af6"

[[files]]
path = "prewrite/library/manifest.yaml"
sha256 = "d8998bbcc859c5a58684af75cb2ce96973992365b92cc97bba70c283510528e2"

[[files]]
path = "prewrite/library/risks.md"
sha256 = "f4d187a84473df11b6bd94285601f04581ac04f2295f8774e01e78b58c219a17"

[[files]]
path = "story/library/genre.md"
sha256 = "6ad3e59353eb773cf2775214b719bf2221b1d40dee02dc46e5d97f90337b4427"

[[files]]
path = "story/library/manifest.yaml"
sha256 = "2979b90f78d692a6ec6595e8cfa8402a678bddf88a7952511c6c3167a436eedb"

[[files]]
path = "worldbuilding/library/category-index.md"
sha256 = "b496c4f236e93921033426a02d0d8a1ffbd8c7946cb40c7a0217572a6ba21b3c"

[[files]]
path = "worldbuilding/library/entry.md"
sha256 = "2317b2cc51feafa693922652627dbf155b6a00c8d5b77ab7c7c375c9c9cedaee"

[[files]]
path = "worldbuilding/library/manifest.yaml"
sha256 = "22e6924799242018943a7f2a6940a3be31f8d760d00dda54c91efd1051bbe3da"

[[files]]
path = "worldbuilding/library/system.md"
sha256 = "a842ac6b38c07ce770f3b3e710effed7452bcdc3fbf5d4778a24d9c54ba42b05"
