schema_version = 2
module_id = "clothes"
kind = "specialty"
installation_id = "b7eb2581-e109-4f2f-8f22-cb1e5255c09a"
required_paths = [
    "_index.md",
    "protocols/_index.md",
    "protocols/衣装分析与设计协议.md",
    "protocols/衣装收录与状态协议.md",
    "protocols/衣装正式转写协议.md",
    "references/_index.md",
    "references/library/_index.md",
]

[package]
module_id = "clothes"
version = "0.0.2"
runtime_api = 1
label = "衣装设计与目录"
keywords = [
    "[衣装目录]",
    "收录为服装参考",
    "衣装目录查重",
    "衣装参考迁移",
    "CLO-",
]
rules = [
    "protocols/_index.md",
    "protocols/衣装分析与设计协议.md",
]
state_categories = []
check_priority = "P2"
fingerprint_algorithm = "sha256-v1"
fingerprint = "sha256:352809a128533269611248f9e6755d4dc44c6d71a90b437f6286ea8e806e3152"
managed_roots = [
    "_index.md",
    "protocols",
    "references/_index.md",
    "references/library",
]
required_paths = [
    "_index.md",
    "protocols/_index.md",
    "protocols/衣装分析与设计协议.md",
    "protocols/衣装收录与状态协议.md",
    "protocols/衣装正式转写协议.md",
    "references/_index.md",
    "references/library/_index.md",
]

[[package.files]]
path = "_index.md"
mode = 420
size = 1141
sha256 = "649a97ce259e267359d736d529eae66376a7a3c53ac7d0803834c88af2ec581f"

[[package.files]]
path = "protocols/_index.md"
mode = 420
size = 715
sha256 = "9b3bfaadbde6562422ac16ac0f8ddfabd1869ca63651226cf60a3233fb691b49"

[[package.files]]
path = "protocols/衣装分析与设计协议.md"
mode = 420
size = 3088
sha256 = "a5eeb350ca84f7048614dac253771b2d04bbd274e32cff8e725e30aaa0a2473d"

[[package.files]]
path = "protocols/衣装收录与状态协议.md"
mode = 420
size = 3257
sha256 = "07e36c81d81a8aa8b993b4ce49c0e9acbd086355f0e653c6454f57fe512dd00d"

[[package.files]]
path = "protocols/衣装正式转写协议.md"
mode = 420
size = 3044
sha256 = "1a298f5545c7d45af66f921b3f8aa76e5b3a9bd8486e043e4f85002a67ff06e1"

[[package.files]]
path = "references/_index.md"
mode = 420
size = 842
sha256 = "8431a3a17232fa12ad019e2d2aea9647b220283726f0067044b7b34e1024269a"

[[package.files]]
path = "references/library/_index.md"
mode = 420
size = 282
sha256 = "7c4ec2f93e640f4bc12c68ce4974eab0f01940403719b16f5265285361978cc1"

[metadata]
label = "衣装设计与目录"
keywords = [
    "[衣装目录]",
    "收录为服装参考",
    "衣装目录查重",
    "衣装参考迁移",
    "CLO-",
]
rules = [
    "protocols/_index.md",
    "protocols/衣装分析与设计协议.md",
]
state_categories = []
check_priority = "P2"
