schema_version = 2
module_id = "clothes"
kind = "specialty"
installation_id = "b7eb2581-e109-4f2f-8f22-cb1e5255c09a"
required_paths = [
    "_index.md",
    "protocols/_index.md",
    "protocols/衣装分析与设计协议.md",
    "protocols/衣装收录与状态协议.md",
    "protocols/衣装正式转写协议.md",
    "references/_index.md",
    "references/library/_index.md",
]

[package]
module_id = "clothes"
version = "0.0.6"
runtime_api = 1
label = "衣装设计与目录"
keywords = [
    "[衣装目录]",
    "收录为服装参考",
    "衣装目录查重",
    "衣装参考迁移",
    "CLO-",
]
rules = [
    "protocols/_index.md",
    "protocols/衣装分析与设计协议.md",
]
state_categories = []
check_priority = "P2"
fingerprint_algorithm = "sha256-v1"
fingerprint = "sha256:951c09041d07fbc68a5e95bbd5c2707825835fc74edea127f8c9f57da02b5ee2"
managed_roots = [
    "_index.md",
    "protocols",
    "references/_index.md",
    "references/library",
]
required_paths = [
    "_index.md",
    "protocols/_index.md",
    "protocols/衣装分析与设计协议.md",
    "protocols/衣装收录与状态协议.md",
    "protocols/衣装正式转写协议.md",
    "references/_index.md",
    "references/library/_index.md",
]

[[package.files]]
path = "_index.md"
mode = 420
size = 1141
sha256 = "649a97ce259e267359d736d529eae66376a7a3c53ac7d0803834c88af2ec581f"

[[package.files]]
path = "protocols/_index.md"
mode = 420
size = 1204
sha256 = "fd57cd9f3030d6594ded8aced339e75eedae996a7afebc101ce98bcee01af645"

[[package.files]]
path = "protocols/衣装分析与设计协议.md"
mode = 420
size = 3566
sha256 = "53690776384d7cadce03b7dee03bb4ab85c057238341524d354f9d86c1f68670"

[[package.files]]
path = "protocols/衣装收录与状态协议.md"
mode = 420
size = 6832
sha256 = "d97f9e0bec71bb92ef3257a1531d0dcb5ce2f4872cc5564e4edfbf71509a4d2a"

[[package.files]]
path = "protocols/衣装正式转写协议.md"
mode = 420
size = 3059
sha256 = "a23048d3b466449722abe074b6c367a57dbfc02aabae5177d908cc108ed39afd"

[[package.files]]
path = "references/_index.md"
mode = 420
size = 962
sha256 = "9a1a3985ee9a7eadf03b4c41f7f4467ba43ffcd1480635d13ae8223e949c4bb4"

[[package.files]]
path = "references/library/_index.md"
mode = 420
size = 300
sha256 = "e812bc4e4e8d913aff6d2d44e18266fb5e033e5d0df3e20c8b540d59316a224f"

[metadata]
label = "衣装设计与目录"
keywords = [
    "[衣装目录]",
    "收录为服装参考",
    "衣装目录查重",
    "衣装参考迁移",
    "CLO-",
]
rules = [
    "protocols/_index.md",
    "protocols/衣装分析与设计协议.md",
]
state_categories = []
check_priority = "P2"
