schema_version = 2
module_id = "clothes"
kind = "specialty"
installation_id = "b7eb2581-e109-4f2f-8f22-cb1e5255c09a"
required_paths = [
    "_index.md",
    "protocols/_index.md",
    "protocols/衣装分析与设计协议.md",
    "protocols/衣装收录与状态协议.md",
    "protocols/衣装正式转写协议.md",
    "protocols/视觉衣装拆解协议.md",
    "references/_index.md",
    "references/library/_index.md",
]

[package]
module_id = "clothes"
version = "0.0.7"
runtime_api = 1
label = "衣装拆解、设计与目录"
keywords = [
    "[衣装目录]",
    "拆解服装",
    "从视频拆衣装",
    "收录为服装参考",
    "衣装目录查重",
    "衣装参考迁移",
    "CLO-",
]
rules = [
    "protocols/_index.md",
    "protocols/视觉衣装拆解协议.md",
    "protocols/衣装分析与设计协议.md",
]
state_categories = []
check_priority = "P2"
fingerprint_algorithm = "sha256-v1"
fingerprint = "sha256:16818a4e68ccb38c489eca341d0fee674e1529d28de48a58fcdaeca87652d0a5"
managed_roots = [
    "_index.md",
    "protocols",
    "references/_index.md",
    "references/library",
]
required_paths = [
    "_index.md",
    "protocols/_index.md",
    "protocols/衣装分析与设计协议.md",
    "protocols/衣装收录与状态协议.md",
    "protocols/衣装正式转写协议.md",
    "protocols/视觉衣装拆解协议.md",
    "references/_index.md",
    "references/library/_index.md",
]

[[package.files]]
path = "_index.md"
mode = 420
size = 1294
sha256 = "4895cf285811eead163e9b2bded2c64f14b25481a66e9827aead999a145ab84e"

[[package.files]]
path = "protocols/_index.md"
mode = 420
size = 1375
sha256 = "6421982e801aa2b0903bedd0044281233769e4b1ab70ed852c708bff2d5a0384"

[[package.files]]
path = "protocols/衣装分析与设计协议.md"
mode = 420
size = 3430
sha256 = "09e6f9cc67741037877381fc0b556ff49a0ab151b3c677a3bf1b1d51e02939eb"

[[package.files]]
path = "protocols/衣装收录与状态协议.md"
mode = 420
size = 7587
sha256 = "085aba05d003c67fbee344659e7690a9d731be176cd8aeb18deb70e620a56e75"

[[package.files]]
path = "protocols/衣装正式转写协议.md"
mode = 420
size = 3245
sha256 = "ba611319a83dd52ebd39bd14164aa7a2ce388fcdecd11c2bfbea6bf8423685ac"

[[package.files]]
path = "protocols/视觉衣装拆解协议.md"
mode = 420
size = 4299
sha256 = "ac0687573b2071a7f79586a9ef208204681e9cde46a993d4bec68e7dab40bbce"

[[package.files]]
path = "references/_index.md"
mode = 420
size = 962
sha256 = "9a1a3985ee9a7eadf03b4c41f7f4467ba43ffcd1480635d13ae8223e949c4bb4"

[[package.files]]
path = "references/library/_index.md"
mode = 420
size = 300
sha256 = "0bb84e1c8e5a9b072e5974286cb0cbc8022f24c1c4eec06a075f8045e7c59587"

[metadata]
label = "衣装拆解、设计与目录"
keywords = [
    "[衣装目录]",
    "拆解服装",
    "从视频拆衣装",
    "收录为服装参考",
    "衣装目录查重",
    "衣装参考迁移",
    "CLO-",
]
rules = [
    "protocols/_index.md",
    "protocols/视觉衣装拆解协议.md",
    "protocols/衣装分析与设计协议.md",
]
state_categories = []
check_priority = "P2"
