schema_version = 2
module_id = "intimacy"
kind = "specialty"
installation_id = "3d5cb19c-1a48-4641-930c-8629ccb2d010"
required_paths = [
    "_index.md",
    "_template/README.md",
    "chapters/_index.md",
    "characters/_index.md",
    "context/_index.md",
    "mechanisms/_index.md",
    "protocols/_index.md",
    "protocols/templates/intimacy.md",
    "protocols/workflows/_index.md",
    "references/_index.md",
    "references/library/_index.md",
]

[package]
module_id = "intimacy"
version = "1.0.8"
runtime_api = 1
label = "亲密写作"
keywords = [
    "[亲密:A场]",
    "亲密 A 场",
    "身体回应",
    "尺度施工",
    "软切黑",
    "亲密机制",
    "HD",
]
rules = [
    "protocols/_index.md",
    "protocols/亲密边界与红线.md",
]
state_categories = ["intimacy_static"]
check_priority = "P2"
fingerprint_algorithm = "sha256-v1"
fingerprint = "sha256:3b90a2adeda2d9bbaff213c9f30100fe4e2eda57f7da163e68aad597dab6e7f1"
managed_roots = [
    "_index.md",
    "protocols",
    "references/_index.md",
    "references/library",
]
required_paths = [
    "_index.md",
    "protocols/_index.md",
    "protocols/templates/intimacy.md",
    "protocols/workflows/_index.md",
    "references/_index.md",
    "references/library/_index.md",
]

[[package.files]]
path = "_index.md"
mode = 420
size = 2009
sha256 = "63e76fc2eb2f436678f93182b3699ae92631ef7238e680869e73625aebbc79c3"

[[package.files]]
path = "protocols/B场HD四维细则.md"
mode = 420
size = 1318
sha256 = "1b708d4fe225c768d6698e32a6ed63edb5899162fe1959de3542aa11fbf0ba7a"

[[package.files]]
path = "protocols/B场HD微观感官与才艺解构.md"
mode = 420
size = 3468
sha256 = "5dd55609c726279d6556b15cf7387726d00331a9af27eeed36118fc214c938ed"

[[package.files]]
path = "protocols/B场HD总纲.md"
mode = 420
size = 1954
sha256 = "4f6c0df844c0d678b3dc4e602b91334061bdfa340159e3c0c852994f79e51d58"

[[package.files]]
path = "protocols/B场HD模式红线.md"
mode = 420
size = 401
sha256 = "a57b7f015c9e780fcf4914076171df7dcf1fbd0de23b7ba197089babd36db9d2"

[[package.files]]
path = "protocols/B场HD节奏镜头.md"
mode = 420
size = 1983
sha256 = "b99a503b7bd43e2e4410d303749cfdc00d27e69321f98686280ba4171a6f3b4c"

[[package.files]]
path = "protocols/B场黑暗HD微观感官与双声部规则.md"
mode = 420
size = 4080
sha256 = "9b5d4b7612c17ff35215acc01e4514c348902bb8fbd5acb61b18dddda48b63df"

[[package.files]]
path = "protocols/HD约束总览.md"
mode = 420
size = 644
sha256 = "1c56618a12dce5fd15e235bdfd9f92323967b5249220856055f985960d6821db"

[[package.files]]
path = "protocols/_index.md"
mode = 420
size = 3332
sha256 = "4323871bdb5375bff160e1627b9bde193b35c0e1b09d1c78c3e7a73d100cc49d"

[[package.files]]
path = "protocols/templates/intimacy.md"
mode = 420
size = 997
sha256 = "49450f455d06856fb5a972157b55e83d260e5ed1b5773c9db9bc6d296742d450"

[[package.files]]
path = "protocols/workflows/_index.md"
mode = 420
size = 840
sha256 = "9a20dc2a3a480409b5976e595e0b3a0c4a061f92c6b3edcbd35cf2d009de5d16"

[[package.files]]
path = "protocols/workflows/dark-planner/design-protocol.md"
mode = 420
size = 3257
sha256 = "4e1c04c65e0f730c559ff24736a7871d4e2a9c4358150b813057b0cf5a2a5a3a"

[[package.files]]
path = "protocols/workflows/dark-writer/execution-protocol.md"
mode = 420
size = 3274
sha256 = "83ed36961c18988654d6d4004ea8099b80c133208221d72e3bd5257a446c84bd"

[[package.files]]
path = "protocols/workflows/planner/choreography-logic.md"
mode = 420
size = 3270
sha256 = "6244a8d4b468ba8c54d96d857a2e2a8b82795b0bbb6bd0c3b14733caa33e9baf"

[[package.files]]
path = "protocols/workflows/planner/distillation-protocol.md"
mode = 420
size = 1331
sha256 = "fe6301901cdd6bdda70eb5216b03ccf240ebd9c03a6a7cab9400342eff2b41c6"

[[package.files]]
path = "protocols/workflows/planner/material-extraction.md"
mode = 420
size = 2283
sha256 = "73e303223e2de7b0cab7e8b825ce830747093e3a7affdad75343743a74cb5037"

[[package.files]]
path = "protocols/workflows/planner/script-generation.md"
mode = 420
size = 1451
sha256 = "1398f4adbf34c199a8a85db4d3a0e43eb16dfe86688ed35e1a15d70eb1176274"

[[package.files]]
path = "protocols/workflows/writer/execution-protocol.md"
mode = 420
size = 3616
sha256 = "26ca522f84a4345e07448c88e716cc9962ae9964da64102bc36da8ac299eee99"

[[package.files]]
path = "protocols/亲密写前写后校验.md"
mode = 420
size = 658
sha256 = "68eefcea37fe64002bc5e0a99032279ad78ca0ab7421891e656aceca9624164a"

[[package.files]]
path = "protocols/亲密设计规划协议.md"
mode = 420
size = 1618
sha256 = "b080ee04a7beef996be9a1d5839bfe6a2530146ec69077552bf37191be264bd3"

[[package.files]]
path = "protocols/亲密边界与红线.md"
mode = 420
size = 1270
sha256 = "cd9057b8a1cd39a5f2a828887ccc2456a715a9752d4943ef1e6106c659fb0621"

[[package.files]]
path = "protocols/正向亲密质量检查清单.md"
mode = 420
size = 518
sha256 = "c719152daa9e48ce531bed749c372b6eaf985b82cdb002263e278f1fdbf5c073"

[[package.files]]
path = "protocols/正文亲密写法.md"
mode = 420
size = 6657
sha256 = "c3fde2f6250cd48a4fe5044fc884f6c5b8c8bb5fb6621f31ae4349b4bb9a26a7"

[[package.files]]
path = "protocols/黑暗HD流程.md"
mode = 420
size = 719
sha256 = "1765ed20955a1b1e3fb6eb51222ff7bee0ee3451fdead9d84fa8fbea05580656"

[[package.files]]
path = "references/_index.md"
mode = 420
size = 1969
sha256 = "9cecc4d2179cafcedd51c7258492cb8c6a27eeebfde414a7755f641f0741c48b"

[[package.files]]
path = "references/library/11_女性身体_A.md"
mode = 420
size = 8329
sha256 = "5cd7f3186ace4a5bc1a7bf7d3de7b2dc25425868b234816da51187282231013f"

[[package.files]]
path = "references/library/12_女性身体_B.md"
mode = 420
size = 25955
sha256 = "ef91b42253d22551f0086b93086d460c40c67255a50fccd90b58a0c2da4d1e36"

[[package.files]]
path = "references/library/13_男性身体_A.md"
mode = 420
size = 11000
sha256 = "c95f8756a019e0821b10ff04689dd8d596dd10419aa564de45e3fbfa426ac714"

[[package.files]]
path = "references/library/14_男性身体_B.md"
mode = 420
size = 4126
sha256 = "e3d0106d69db7d5b0bc647ddfbc7dbb999d60cf02d6b9899eee75b4ed5f30439"

[[package.files]]
path = "references/library/15_感官_A.md"
mode = 420
size = 13546
sha256 = "43e2917d3b6b509c8798b6eceff2185ae32e90abaabf070546c8b9036cebe0f7"

[[package.files]]
path = "references/library/16_感官_B.md"
mode = 420
size = 9933
sha256 = "df586fb5224006c816f05407d8c8851f41b79ec6c2e034ae359d13f465a7aeda"

[[package.files]]
path = "references/library/17_词汇库_A.md"
mode = 420
size = 5151
sha256 = "94a673fced0bb2a7452cf1ce376a20ed8d67252380769a22a0f0ed307ed7f9f7"

[[package.files]]
path = "references/library/18_词汇库_B.md"
mode = 420
size = 3737
sha256 = "d337fff660e8e964cef1c9ca0f8812d2485d0f684f6f83a18459d6ebf9e6e4ed"

[[package.files]]
path = "references/library/21_对话与声音_A.md"
mode = 420
size = 3596
sha256 = "ec9807d9156573614d32fd8a8e2865a7e65ccf534159124080f12ee7c3b5d0d7"

[[package.files]]
path = "references/library/22_对话与声音_B.md"
mode = 420
size = 4583
sha256 = "dbc24a8f1988e945251c14211b1d2ac6f43ba1d21daa2d38099890cc517b26cd"

[[package.files]]
path = "references/library/23_语言技法.md"
mode = 420
size = 17662
sha256 = "fbbd85248070c35b750ba4a58209dceb0a8d5bfed789b68d6e0d5eccdd3615b2"

[[package.files]]
path = "references/library/24_体位与动作_A.md"
mode = 420
size = 6214
sha256 = "229b9f20a7cb25aa7faf92d415e1439689d751b453afed08040504624f26c6c8"

[[package.files]]
path = "references/library/25_体位与动作_B.md"
mode = 420
size = 9957
sha256 = "3fb659bac7090a19a20fd2aba6e9c571351953c6d214cb0fb273d31231698683"

[[package.files]]
path = "references/library/26_结构.md"
mode = 420
size = 21526
sha256 = "476fb2a20ac9177ef8361244a641863183932acc99e0dcf5cbbc62aac3feb3d0"

[[package.files]]
path = "references/library/27_转场.md"
mode = 420
size = 9448
sha256 = "22a94db8da06d5cf07ef7d41186248c0314047f17697dc926d411a5c7193deac"

[[package.files]]
path = "references/library/28_节奏.md"
mode = 420
size = 5726
sha256 = "cf64dd3e810eda2cd30e5a78a36cc02bb2d8725381170354218c855929d2fa86"

[[package.files]]
path = "references/library/29_进阶技法.md"
mode = 420
size = 8937
sha256 = "b87a7d6f4a95d2521832ffd418ebb08cfbf19201b3e6604f0c4627f315a6b76c"

[[package.files]]
path = "references/library/31_A场美学与性张力.md"
mode = 420
size = 24723
sha256 = "b17b40749816b88c412ea50c1a5e2cca0c2e58ffe7b45f04e7d922c03801eb3e"

[[package.files]]
path = "references/library/32_美学意象.md"
mode = 420
size = 5102
sha256 = "48898c02a66c49e8c1d9ffc50f3e7d5e11179b83ddf049e22b67f47564c48484"

[[package.files]]
path = "references/library/33_非性行为亲密.md"
mode = 420
size = 5100
sha256 = "dcd8d48bbe8ee06c001651a17b80ca282db4027f125417bf84531ea7a536d6f0"

[[package.files]]
path = "references/library/34_事后回归.md"
mode = 420
size = 4876
sha256 = "5945af474e42c43c827a7bf836aaea53ea7f5ecafefb4d27777da6429bfa5db9"

[[package.files]]
path = "references/library/35_特殊场景_A.md"
mode = 420
size = 7562
sha256 = "6aa6d2e37ecf9c6b53b5e4ff5aaa6fb3806673b40a57cc425663f7730b5fddf3"

[[package.files]]
path = "references/library/36_特殊场景_B.md"
mode = 420
size = 5053
sha256 = "5b96a5f181531cfd4ab2d252290ca28e213e7f5d2fdf19107781d8f1c2989217"

[[package.files]]
path = "references/library/37_多人场景.md"
mode = 420
size = 16076
sha256 = "cd94e8b43dc86175b1f9dcb46590ea9d7d52f80b4972f60c0de447c677457b23"

[[package.files]]
path = "references/library/41_边界与协商.md"
mode = 420
size = 8665
sha256 = "fc06056ea3ad6267981243b7fe08da689f5febff3ed0ce1cce49bb12db266b16"

[[package.files]]
path = "references/library/42_情绪与心理.md"
mode = 420
size = 36323
sha256 = "0dfbf74ed740b2bf9d8956d3491f5df279a59e010d5b73aabb34cc6635641f73"

[[package.files]]
path = "references/library/43_关系与情节.md"
mode = 420
size = 16316
sha256 = "023757c47538d2e5427d29b37b4841e4655119d3cc385c0de65a88a2e2bd6274"

[[package.files]]
path = "references/library/44_身体文化与欲望书写.md"
mode = 420
size = 6924
sha256 = "34f257b440d78d56591bc24818a8538f0129f008ab1e5ceb6a5b4a6b601d431f"

[[package.files]]
path = "references/library/91_黑暗HD压迫场.md"
mode = 420
size = 4568
sha256 = "9938e386adbe397cee85462991cbaf02d0cfb0100c952426d499f151506f6b73"

[[package.files]]
path = "references/library/92_黑暗HD类型谱系.md"
mode = 420
size = 5959
sha256 = "7179c61d5286666e4ee3752a33a3441c3a9ab9a7b8bde610de0ae7622fd3933a"

[[package.files]]
path = "references/library/93_黑暗HD受害方声部与后果.md"
mode = 420
size = 5875
sha256 = "9925fd66f5c6d832ac5e68305bd0d1384b27374f1003fbabb9ce200cfdd3165b"

[[package.files]]
path = "references/library/94_黑暗HD压迫方视角.md"
mode = 420
size = 9969
sha256 = "22b63bd44b2832a9e4db1fc2311e7ecd0a629f4c74f891661a0d288324a8dd56"

[[package.files]]
path = "references/library/95_黑暗HD动作与伤害.md"
mode = 420
size = 3886
sha256 = "fe22bf445b9451a54de8c92cdcbcfda7e01f0a75fc3127d08a2b883f114fb171"

[[package.files]]
path = "references/library/_index.md"
mode = 420
size = 7942
sha256 = "0da765ed5163c6ad435aa8724449d323bd0ff73a4653a42df9c7248c44d0f561"

[[package.files]]
path = "references/library/scenarios/11_宿敌与征服.md"
mode = 420
size = 1953
sha256 = "007268c41862388ae0882684c1d0670460cc93c8caee41bee44343eccf948ddb"

[[package.files]]
path = "references/library/scenarios/12_契约与交易.md"
mode = 420
size = 2150
sha256 = "3baa45673d0b7be2049f3a5f421d7aebea6967e6e1a078f0194f547d5647b075"

[[package.files]]
path = "references/library/scenarios/13_深度依恋.md"
mode = 420
size = 1671
sha256 = "86df80bb0aa9dc2f5f7e60489da903a7d7f294ce05b4fcaed42242344382b2f4"

[[package.files]]
path = "references/library/scenarios/14_多人博弈.md"
mode = 420
size = 1749
sha256 = "57ac11c70766118cbb99caa151bf2df6b4f03803e83b29b71ef83a5891633466"

[[package.files]]
path = "references/library/scenarios/15_偷情禁区.md"
mode = 420
size = 1627
sha256 = "62cbd138f37ffea099257d1a73116fb06c82296bbf09b3642bc7f5bb9a5abf1c"

[[package.files]]
path = "references/library/scenarios/21_禁忌与位阶.md"
mode = 420
size = 2098
sha256 = "a49ef3cff9a73445ce4fd9b72d016ea2d54efc3197181de035ded7259c6c74b6"

[[package.files]]
path = "references/library/scenarios/22_视觉剥夺与扮演.md"
mode = 420
size = 1768
sha256 = "1b419ea4c8b3446dc557b06c24acd5e06df4a3d3ab483a9b37c927782c520db1"

[[package.files]]
path = "references/library/scenarios/23_权力与调教.md"
mode = 420
size = 2142
sha256 = "4c8ae24412884f04dddc336f52811abc8119b681a2cc178b7949c9c6d50ea5f5"

[[package.files]]
path = "references/library/scenarios/24_特殊癖好.md"
mode = 420
size = 1676
sha256 = "1651a3b343e8b4eec626a1b925c8265f4078aa120a8a8c5124fcac1398b8a301"

[[package.files]]
path = "references/library/scenarios/25_主奴关系.md"
mode = 420
size = 1724
sha256 = "de53a3b57b40d5867890941920178b8c58b7eb2351ea11bdecbb6db61a4cdb02"

[[package.files]]
path = "references/library/scenarios/31_虚幻与意识.md"
mode = 420
size = 1690
sha256 = "386c4ed5299502b78abe5b83711c2045fa698109b9dd98f9e1d853ee0f6520b1"

[[package.files]]
path = "references/library/scenarios/32_极端环境与救赎.md"
mode = 420
size = 1778
sha256 = "04e85138f573d0cb9fcf485ede47910a0d170a5b8458485177c10930ed137e4c"

[[package.files]]
path = "references/library/scenarios/33_自我亲密.md"
mode = 420
size = 1571
sha256 = "8abc468c031fc98718511dc2d0c01064d07eeeb71b3ca0f22000cba089240559"

[[package.files]]
path = "references/library/scenarios/_index.md"
mode = 420
size = 2526
sha256 = "5b47ca4243260b6b4c0b07a234ddb707b1be25d5e61ae6b317ff8ee100758bc5"

[metadata]
label = "亲密写作"
keywords = [
    "[亲密:A场]",
    "亲密 A 场",
    "身体回应",
    "尺度施工",
    "软切黑",
    "亲密机制",
    "HD",
]
rules = [
    "protocols/_index.md",
    "protocols/亲密边界与红线.md",
]
state_categories = ["intimacy_static"]
check_priority = "P2"
